
Microsoft Visual Studio Solution File, Format Version 12.00
# Visual Studio 15
Project("{FAE04EC0-301F-11D3-BF4B-00C04F79EFBC}") = "Unity.Timeline", "Unity.Timeline.csproj", "{47C6D63B-03C2-6A09-AAFA-85DD99E21D90}"
EndProject
Project("{FAE04EC0-301F-11D3-BF4B-00C04F79EFBC}") = "Unity.Timeline.Editor", "Unity.Timeline.Editor.csproj", "{9E56E45B-19B1-2E5C-164A-55B1C5D8D7B2}"
EndProject
Project("{FAE04EC0-301F-11D3-BF4B-00C04F79EFBC}") = "Unity.ShaderGraph.Editor", "Unity.ShaderGraph.Editor.csproj", "{1968C51C-2851-022F-6D47-DCF9B50D4711}"
EndProject
Project("{FAE04EC0-301F-11D3-BF4B-00C04F79EFBC}") = "Unity.RenderPipelines.Universal.Editor", "Unity.RenderPipelines.Universal.Editor.csproj", "{99A20A61-E625-DD30-D462-08B0D844A366}"
EndProject
Project("{FAE04EC0-301F-11D3-BF4B-00C04F79EFBC}") = "Unity.TextMeshPro.Editor", "Unity.TextMeshPro.Editor.csproj", "{136F1A53-04FA-6F12-0DD7-749F6FAB0806}"
EndProject
Project("{FAE04EC0-301F-11D3-BF4B-00C04F79EFBC}") = "Unity.VisualScripting.Flow", "Unity.VisualScripting.Flow.csproj", "{2C2D8213-5C48-7CDE-9BC2-0A974569DF80}"
EndProject
Project("{FAE04EC0-301F-11D3-BF4B-00C04F79EFBC}") = "Unity.RenderPipelines.Universal.Runtime", "Unity.RenderPipelines.Universal.Runtime.csproj", "{5E2128F9-9E63-5E5E-8F6A-48821BA8D7C2}"
EndProject
Project("{FAE04EC0-301F-11D3-BF4B-00C04F79EFBC}") = "Unity.ProBuilder", "Unity.ProBuilder.csproj", "{A985CAFF-B0DC-098D-378A-56DFB22EB3D8}"
EndProject
Project("{FAE04EC0-301F-11D3-BF4B-00C04F79EFBC}") = "UnityEditor.UI", "UnityEditor.UI.csproj", "{B6794815-3A1C-CDAA-0A05-FEBAC5EA9569}"
EndProject
Project("{FAE04EC0-301F-11D3-BF4B-00C04F79EFBC}") = "Unity.PlasticSCM.Editor", "Unity.PlasticSCM.Editor.csproj", "{21BD5D72-A72A-82AF-35DC-D5F7ACC6D6E5}"
EndProject
Project("{FAE04EC0-301F-11D3-BF4B-00C04F79EFBC}") = "Unity.RenderPipelines.Core.Runtime", "Unity.RenderPipelines.Core.Runtime.csproj", "{1B77AE7F-4C23-F2E2-79B9-7499BCF28680}"
EndProject
Project("{FAE04EC0-301F-11D3-BF4B-00C04F79EFBC}") = "Unity.VisualScripting.Core", "Unity.VisualScripting.Core.csproj", "{9BFDC4DE-999C-D8A2-A8EF-D30A9ADCBF21}"
EndProject
Project("{FAE04EC0-301F-11D3-BF4B-00C04F79EFBC}") = "Unity.ProBuilder.Editor", "Unity.ProBuilder.Editor.csproj", "{41D14E83-B3F3-7082-93FE-A6DAF2E013C8}"
EndProject
Project("{FAE04EC0-301F-11D3-BF4B-00C04F79EFBC}") = "Unity.Mathematics", "Unity.Mathematics.csproj", "{634F5133-E08F-7AB7-6F62-F6EE0383BC8E}"
EndProject
Project("{FAE04EC0-301F-11D3-BF4B-00C04F79EFBC}") = "Unity.RenderPipelines.Core.Editor", "Unity.RenderPipelines.Core.Editor.csproj", "{6FFC2F9B-F5C7-F4B0-6D69-5FBE0D723F03}"
EndProject
Project("{FAE04EC0-301F-11D3-BF4B-00C04F79EFBC}") = "Cinemachine", "Cinemachine.csproj", "{51D9BEFA-EBF0-3EB5-958F-68CB5501A106}"
EndProject
Project("{FAE04EC0-301F-11D3-BF4B-00C04F79EFBC}") = "Unity.VisualScripting.Core.Editor", "Unity.VisualScripting.Core.Editor.csproj", "{38261BBA-2316-4240-8105-D8C5277EA05A}"
EndProject
Project("{FAE04EC0-301F-11D3-BF4B-00C04F79EFBC}") = "Unity.VisualScripting.Flow.Editor", "Unity.VisualScripting.Flow.Editor.csproj", "{86BCB5F9-571F-B839-F837-EE961295FF1B}"
EndProject
Project("{FAE04EC0-301F-11D3-BF4B-00C04F79EFBC}") = "UnityEditor.TestRunner", "UnityEditor.TestRunner.csproj", "{21E01B1B-6410-BC73-92F2-CB8AAC284CA5}"
EndProject
Project("{FAE04EC0-301F-11D3-BF4B-00C04F79EFBC}") = "Unity.ProBuilder.Poly2Tri", "Unity.ProBuilder.Poly2Tri.csproj", "{7E5B8E37-8D06-3711-80F2-18E9C146C04C}"
EndProject
Project("{FAE04EC0-301F-11D3-BF4B-00C04F79EFBC}") = "Unity.VisualScripting.SettingsProvider.Editor", "Unity.VisualScripting.SettingsProvider.Editor.csproj", "{FF55084F-899D-5E4B-686F-1F1641869FCB}"
EndProject
Project("{FAE04EC0-301F-11D3-BF4B-00C04F79EFBC}") = "UnityEngine.TestRunner", "UnityEngine.TestRunner.csproj", "{E230FE4A-8EDA-2730-74E9-B39A2101265D}"
EndProject
Project("{FAE04EC0-301F-11D3-BF4B-00C04F79EFBC}") = "Unity.Searcher.Editor", "Unity.Searcher.Editor.csproj", "{CEC442EF-955E-6B22-3847-67BCAD964D50}"
EndProject
Project("{FAE04EC0-301F-11D3-BF4B-00C04F79EFBC}") = "Unity.Burst", "Unity.Burst.csproj", "{90A40BCC-3A09-DE10-CFBF-ADA88AFDEE55}"
EndProject
Project("{FAE04EC0-301F-11D3-BF4B-00C04F79EFBC}") = "UnityEngine.UI", "UnityEngine.UI.csproj", "{D8684DE8-ED98-A761-C233-CC8723B148A8}"
EndProject
Project("{FAE04EC0-301F-11D3-BF4B-00C04F79EFBC}") = "Unity.ProBuilder.Csg", "Unity.ProBuilder.Csg.csproj", "{41256220-E5AE-314C-74DF-E50308AF85B3}"
EndProject
Project("{FAE04EC0-301F-11D3-BF4B-00C04F79EFBC}") = "Unity.VisualStudio.Editor", "Unity.VisualStudio.Editor.csproj", "{6D53513D-DD88-BF58-DAFE-0CD8B93D8364}"
EndProject
Project("{FAE04EC0-301F-11D3-BF4B-00C04F79EFBC}") = "com.unity.cinemachine.editor", "com.unity.cinemachine.editor.csproj", "{EA53E770-C663-5548-9E7D-287F72C39A14}"
EndProject
Project("{FAE04EC0-301F-11D3-BF4B-00C04F79EFBC}") = "PPv2URPConverters", "PPv2URPConverters.csproj", "{AB7F0327-6E5E-924A-1079-5CEFCD20FCFB}"
EndProject
Project("{FAE04EC0-301F-11D3-BF4B-00C04F79EFBC}") = "Unity.Rider.Editor", "Unity.Rider.Editor.csproj", "{DCF95DBA-DCEB-78FB-AC26-E11CA98052DA}"
EndProject
Project("{FAE04EC0-301F-11D3-BF4B-00C04F79EFBC}") = "Unity.VisualScripting.State.Editor", "Unity.VisualScripting.State.Editor.csproj", "{93E720F6-0B71-51CE-9628-C556DBCB96CB}"
EndProject
Project("{FAE04EC0-301F-11D3-BF4B-00C04F79EFBC}") = "Unity.Burst.CodeGen", "Unity.Burst.CodeGen.csproj", "{368CC3F8-6F7D-3E51-619C-94FEB014016E}"
EndProject
Project("{FAE04EC0-301F-11D3-BF4B-00C04F79EFBC}") = "Unity.RenderPipeline.Universal.ShaderLibrary", "Unity.RenderPipeline.Universal.ShaderLibrary.csproj", "{5D9E8620-710E-EA6D-8B41-16EECE6F811E}"
EndProject
Project("{FAE04EC0-301F-11D3-BF4B-00C04F79EFBC}") = "Unity.VisualScripting.State", "Unity.VisualScripting.State.csproj", "{30770657-F333-8A96-0DBE-41827ABCFCEE}"
EndProject
Project("{FAE04EC0-301F-11D3-BF4B-00C04F79EFBC}") = "Unity.TextMeshPro", "Unity.TextMeshPro.csproj", "{F0455C9E-F4AD-360B-AE73-35EBB279915A}"
EndProject
Project("{FAE04EC0-301F-11D3-BF4B-00C04F79EFBC}") = "Assembly-CSharp", "Assembly-CSharp.csproj", "{0559BEF7-271A-FBBE-07F6-187829803B8B}"
EndProject
Project("{FAE04EC0-301F-11D3-BF4B-00C04F79EFBC}") = "Unity.VSCode.Editor", "Unity.VSCode.Editor.csproj", "{60F520E7-8338-2991-D365-48379DF10753}"
EndProject
Project("{FAE04EC0-301F-11D3-BF4B-00C04F79EFBC}") = "Unity.Burst.Editor", "Unity.Burst.Editor.csproj", "{9826BA42-06DE-4E37-F521-D9A282DB7BE4}"
EndProject
Project("{FAE04EC0-301F-11D3-BF4B-00C04F79EFBC}") = "Unity.ProBuilder.Stl", "Unity.ProBuilder.Stl.csproj", "{29A16DFF-097F-D5B8-18FE-31F4E43F04B5}"
EndProject
Project("{FAE04EC0-301F-11D3-BF4B-00C04F79EFBC}") = "Unity.Settings.Editor", "Unity.Settings.Editor.csproj", "{476DF858-2C87-DC93-847E-1BADFCFF3E77}"
EndProject
Project("{FAE04EC0-301F-11D3-BF4B-00C04F79EFBC}") = "Unity.ProBuilder.AssetIdRemapUtility", "Unity.ProBuilder.AssetIdRemapUtility.csproj", "{4F12F709-2C61-4DB0-7957-102334BA6E89}"
EndProject
Project("{FAE04EC0-301F-11D3-BF4B-00C04F79EFBC}") = "Unity.ProBuilder.KdTree", "Unity.ProBuilder.KdTree.csproj", "{0FE2B585-DA51-A2E0-D8BB-A53238FEC002}"
EndProject
Project("{FAE04EC0-301F-11D3-BF4B-00C04F79EFBC}") = "Unity.ShaderGraph.Utilities", "Unity.ShaderGraph.Utilities.csproj", "{F0D73907-4428-690C-1861-14002C8EF911}"
EndProject
Project("{FAE04EC0-301F-11D3-BF4B-00C04F79EFBC}") = "Unity.ProBuilder.AddOns.Editor", "Unity.ProBuilder.AddOns.Editor.csproj", "{14F4D095-0BC2-2858-CC0F-C4880F5A7F70}"
EndProject
Project("{FAE04EC0-301F-11D3-BF4B-00C04F79EFBC}") = "Unity.Mathematics.Editor", "Unity.Mathematics.Editor.csproj", "{369EDC87-3016-B8D4-A200-B2260F999EC5}"
EndProject
Project("{FAE04EC0-301F-11D3-BF4B-00C04F79EFBC}") = "Assembly-CSharp-Editor", "Assembly-CSharp-Editor.csproj", "{8C750CBF-B8FB-B7C4-D76B-80E8F5496BDC}"
EndProject
Project("{FAE04EC0-301F-11D3-BF4B-00C04F79EFBC}") = "Unity.VisualScripting.Shared.Editor", "Unity.VisualScripting.Shared.Editor.csproj", "{C9BFA8DD-75BD-ECC9-76FB-F8D50157BF8B}"
EndProject
Project("{FAE04EC0-301F-11D3-BF4B-00C04F79EFBC}") = "Unity.CollabProxy.Editor", "Unity.CollabProxy.Editor.csproj", "{51ACE2EA-3D69-49FC-8E83-F285D17669EA}"
EndProject
Project("{FAE04EC0-301F-11D3-BF4B-00C04F79EFBC}") = "Unity.RenderPipelines.ShaderGraph.ShaderGraphLibrary", "Unity.RenderPipelines.ShaderGraph.ShaderGraphLibrary.csproj", "{48952B57-B823-C684-BEC6-75731296D168}"
EndProject
Project("{FAE04EC0-301F-11D3-BF4B-00C04F79EFBC}") = "Unity.RenderPipelines.Core.ShaderLibrary", "Unity.RenderPipelines.Core.ShaderLibrary.csproj", "{C8F5A709-2F32-C294-B7D4-A8CF2C7E8388}"
EndProject
Project("{FAE04EC0-301F-11D3-BF4B-00C04F79EFBC}") = "Unity.RenderPipelines.Universal.Shaders", "Unity.RenderPipelines.Universal.Shaders.csproj", "{D8B6CE48-25B6-734D-7168-D14AAE2A1F17}"
EndProject
Project("{FAE04EC0-301F-11D3-BF4B-00C04F79EFBC}") = "Unity.Timeline", "Unity.Timeline.Player.csproj", "{22949149-A5BB-4D8B-AA6D-D3FAB6511A40}"
EndProject
Project("{FAE04EC0-301F-11D3-BF4B-00C04F79EFBC}") = "Unity.VisualScripting.Flow", "Unity.VisualScripting.Flow.Player.csproj", "{A7DDBFD6-4C3B-865B-4BB9-A0E2581A3789}"
EndProject
Project("{FAE04EC0-301F-11D3-BF4B-00C04F79EFBC}") = "Unity.RenderPipelines.Universal.Runtime", "Unity.RenderPipelines.Universal.Runtime.Player.csproj", "{AC380FA7-AAC5-BCBE-B10B-D277A9A7F77B}"
EndProject
Project("{FAE04EC0-301F-11D3-BF4B-00C04F79EFBC}") = "Unity.ProBuilder", "Unity.ProBuilder.Player.csproj", "{B6B4E54F-73F3-0F6A-80B9-C1704A800581}"
EndProject
Project("{FAE04EC0-301F-11D3-BF4B-00C04F79EFBC}") = "Unity.RenderPipelines.Core.Runtime", "Unity.RenderPipelines.Core.Runtime.Player.csproj", "{0CF5E007-6742-8D65-7C90-2D62CB32B5B3}"
EndProject
Project("{FAE04EC0-301F-11D3-BF4B-00C04F79EFBC}") = "Unity.VisualScripting.Core", "Unity.VisualScripting.Core.Player.csproj", "{333B8E00-BEBD-8064-BCF5-F64BA61E0995}"
EndProject
Project("{FAE04EC0-301F-11D3-BF4B-00C04F79EFBC}") = "Unity.Mathematics", "Unity.Mathematics.Player.csproj", "{48B8A309-1711-2BB0-91C7-E514277A48E7}"
EndProject
Project("{FAE04EC0-301F-11D3-BF4B-00C04F79EFBC}") = "Cinemachine", "Cinemachine.Player.csproj", "{6DF48946-D914-38C4-91C6-244F8A4E0DF6}"
EndProject
Project("{FAE04EC0-301F-11D3-BF4B-00C04F79EFBC}") = "Unity.ProBuilder.Poly2Tri", "Unity.ProBuilder.Poly2Tri.Player.csproj", "{645DBE17-29F6-939C-98F1-1C7DCFCBB9A8}"
EndProject
Project("{FAE04EC0-301F-11D3-BF4B-00C04F79EFBC}") = "UnityEngine.TestRunner", "UnityEngine.TestRunner.Player.csproj", "{A3E3F7DC-3A89-8B7E-31DC-1C4FF38E00B3}"
EndProject
Project("{FAE04EC0-301F-11D3-BF4B-00C04F79EFBC}") = "Unity.Burst", "Unity.Burst.Player.csproj", "{418A3A48-C5F4-F3A4-62E7-9DA69A57EC08}"
EndProject
Project("{FAE04EC0-301F-11D3-BF4B-00C04F79EFBC}") = "UnityEngine.UI", "UnityEngine.UI.Player.csproj", "{11431178-3017-2285-A339-1476473E55D6}"
EndProject
Project("{FAE04EC0-301F-11D3-BF4B-00C04F79EFBC}") = "Unity.ProBuilder.Csg", "Unity.ProBuilder.Csg.Player.csproj", "{945FDF0E-4C29-CBAA-AF90-AD50ECD47C15}"
EndProject
Project("{FAE04EC0-301F-11D3-BF4B-00C04F79EFBC}") = "Unity.RenderPipeline.Universal.ShaderLibrary", "Unity.RenderPipeline.Universal.ShaderLibrary.Player.csproj", "{C89A1894-8FCF-45E8-76DA-71DC57D202D1}"
EndProject
Project("{FAE04EC0-301F-11D3-BF4B-00C04F79EFBC}") = "Unity.VisualScripting.State", "Unity.VisualScripting.State.Player.csproj", "{0F3D989A-0193-39AF-EE8B-B45DF3226CE0}"
EndProject
Project("{FAE04EC0-301F-11D3-BF4B-00C04F79EFBC}") = "Unity.TextMeshPro", "Unity.TextMeshPro.Player.csproj", "{E9676DDF-928F-369E-0CE8-46F413A8083C}"
EndProject
Project("{FAE04EC0-301F-11D3-BF4B-00C04F79EFBC}") = "Assembly-CSharp", "Assembly-CSharp.Player.csproj", "{9A3FEB37-B1C8-599D-2A23-D8D5413EE08E}"
EndProject
Project("{FAE04EC0-301F-11D3-BF4B-00C04F79EFBC}") = "Unity.ProBuilder.Stl", "Unity.ProBuilder.Stl.Player.csproj", "{608BA276-BFAD-8E4C-2D93-355EE2BB427E}"
EndProject
Project("{FAE04EC0-301F-11D3-BF4B-00C04F79EFBC}") = "Unity.ProBuilder.KdTree", "Unity.ProBuilder.KdTree.Player.csproj", "{A76A206A-310F-73BE-4094-322084948AAC}"
EndProject
Project("{FAE04EC0-301F-11D3-BF4B-00C04F79EFBC}") = "Unity.RenderPipelines.ShaderGraph.ShaderGraphLibrary", "Unity.RenderPipelines.ShaderGraph.ShaderGraphLibrary.Player.csproj", "{44E6ECA0-1E7C-573C-5E37-49F65EE31286}"
EndProject
Project("{FAE04EC0-301F-11D3-BF4B-00C04F79EFBC}") = "Unity.RenderPipelines.Core.ShaderLibrary", "Unity.RenderPipelines.Core.ShaderLibrary.Player.csproj", "{8D7DDD05-53DB-CACC-D9A8-751F32596B0D}"
EndProject
Project("{FAE04EC0-301F-11D3-BF4B-00C04F79EFBC}") = "Unity.RenderPipelines.Universal.Shaders", "Unity.RenderPipelines.Universal.Shaders.Player.csproj", "{3D19C1D2-6C00-06A1-35C8-FC92E63665B2}"
EndProject
Global
	GlobalSection(SolutionConfigurationPlatforms) = preSolution
		Debug|Any CPU = Debug|Any CPU
		Release|Any CPU = Release|Any CPU
	EndGlobalSection
	GlobalSection(ProjectConfigurationPlatforms) = postSolution
		{47C6D63B-03C2-6A09-AAFA-85DD99E21D90}.Debug|Any CPU.ActiveCfg = Debug|Any CPU
		{47C6D63B-03C2-6A09-AAFA-85DD99E21D90}.Debug|Any CPU.Build.0 = Debug|Any CPU
		{47C6D63B-03C2-6A09-AAFA-85DD99E21D90}.Release|Any CPU.ActiveCfg = Release|Any CPU
		{47C6D63B-03C2-6A09-AAFA-85DD99E21D90}.Release|Any CPU.Build.0 = Release|Any CPU
		{9E56E45B-19B1-2E5C-164A-55B1C5D8D7B2}.Debug|Any CPU.ActiveCfg = Debug|Any CPU
		{9E56E45B-19B1-2E5C-164A-55B1C5D8D7B2}.Debug|Any CPU.Build.0 = Debug|Any CPU
		{9E56E45B-19B1-2E5C-164A-55B1C5D8D7B2}.Release|Any CPU.ActiveCfg = Release|Any CPU
		{9E56E45B-19B1-2E5C-164A-55B1C5D8D7B2}.Release|Any CPU.Build.0 = Release|Any CPU
		{1968C51C-2851-022F-6D47-DCF9B50D4711}.Debug|Any CPU.ActiveCfg = Debug|Any CPU
		{1968C51C-2851-022F-6D47-DCF9B50D4711}.Debug|Any CPU.Build.0 = Debug|Any CPU
		{1968C51C-2851-022F-6D47-DCF9B50D4711}.Release|Any CPU.ActiveCfg = Release|Any CPU
		{1968C51C-2851-022F-6D47-DCF9B50D4711}.Release|Any CPU.Build.0 = Release|Any CPU
		{99A20A61-E625-DD30-D462-08B0D844A366}.Debug|Any CPU.ActiveCfg = Debug|Any CPU
		{99A20A61-E625-DD30-D462-08B0D844A366}.Debug|Any CPU.Build.0 = Debug|Any CPU
		{99A20A61-E625-DD30-D462-08B0D844A366}.Release|Any CPU.ActiveCfg = Release|Any CPU
		{99A20A61-E625-DD30-D462-08B0D844A366}.Release|Any CPU.Build.0 = Release|Any CPU
		{136F1A53-04FA-6F12-0DD7-749F6FAB0806}.Debug|Any CPU.ActiveCfg = Debug|Any CPU
		{136F1A53-04FA-6F12-0DD7-749F6FAB0806}.Debug|Any CPU.Build.0 = Debug|Any CPU
		{136F1A53-04FA-6F12-0DD7-749F6FAB0806}.Release|Any CPU.ActiveCfg = Release|Any CPU
		{136F1A53-04FA-6F12-0DD7-749F6FAB0806}.Release|Any CPU.Build.0 = Release|Any CPU
		{2C2D8213-5C48-7CDE-9BC2-0A974569DF80}.Debug|Any CPU.ActiveCfg = Debug|Any CPU
		{2C2D8213-5C48-7CDE-9BC2-0A974569DF80}.Debug|Any CPU.Build.0 = Debug|Any CPU
		{2C2D8213-5C48-7CDE-9BC2-0A974569DF80}.Release|Any CPU.ActiveCfg = Release|Any CPU
		{2C2D8213-5C48-7CDE-9BC2-0A974569DF80}.Release|Any CPU.Build.0 = Release|Any CPU
		{5E2128F9-9E63-5E5E-8F6A-48821BA8D7C2}.Debug|Any CPU.ActiveCfg = Debug|Any CPU
		{5E2128F9-9E63-5E5E-8F6A-48821BA8D7C2}.Debug|Any CPU.Build.0 = Debug|Any CPU
		{5E2128F9-9E63-5E5E-8F6A-48821BA8D7C2}.Release|Any CPU.ActiveCfg = Release|Any CPU
		{5E2128F9-9E63-5E5E-8F6A-48821BA8D7C2}.Release|Any CPU.Build.0 = Release|Any CPU
		{A985CAFF-B0DC-098D-378A-56DFB22EB3D8}.Debug|Any CPU.ActiveCfg = Debug|Any CPU
		{A985CAFF-B0DC-098D-378A-56DFB22EB3D8}.Debug|Any CPU.Build.0 = Debug|Any CPU
		{A985CAFF-B0DC-098D-378A-56DFB22EB3D8}.Release|Any CPU.ActiveCfg = Release|Any CPU
		{A985CAFF-B0DC-098D-378A-56DFB22EB3D8}.Release|Any CPU.Build.0 = Release|Any CPU
		{B6794815-3A1C-CDAA-0A05-FEBAC5EA9569}.Debug|Any CPU.ActiveCfg = Debug|Any CPU
		{B6794815-3A1C-CDAA-0A05-FEBAC5EA9569}.Debug|Any CPU.Build.0 = Debug|Any CPU
		{B6794815-3A1C-CDAA-0A05-FEBAC5EA9569}.Release|Any CPU.ActiveCfg = Release|Any CPU
		{B6794815-3A1C-CDAA-0A05-FEBAC5EA9569}.Release|Any CPU.Build.0 = Release|Any CPU
		{21BD5D72-A72A-82AF-35DC-D5F7ACC6D6E5}.Debug|Any CPU.ActiveCfg = Debug|Any CPU
		{21BD5D72-A72A-82AF-35DC-D5F7ACC6D6E5}.Debug|Any CPU.Build.0 = Debug|Any CPU
		{21BD5D72-A72A-82AF-35DC-D5F7ACC6D6E5}.Release|Any CPU.ActiveCfg = Release|Any CPU
		{21BD5D72-A72A-82AF-35DC-D5F7ACC6D6E5}.Release|Any CPU.Build.0 = Release|Any CPU
		{1B77AE7F-4C23-F2E2-79B9-7499BCF28680}.Debug|Any CPU.ActiveCfg = Debug|Any CPU
		{1B77AE7F-4C23-F2E2-79B9-7499BCF28680}.Debug|Any CPU.Build.0 = Debug|Any CPU
		{1B77AE7F-4C23-F2E2-79B9-7499BCF28680}.Release|Any CPU.ActiveCfg = Release|Any CPU
		{1B77AE7F-4C23-F2E2-79B9-7499BCF28680}.Release|Any CPU.Build.0 = Release|Any CPU
		{9BFDC4DE-999C-D8A2-A8EF-D30A9ADCBF21}.Debug|Any CPU.ActiveCfg = Debug|Any CPU
		{9BFDC4DE-999C-D8A2-A8EF-D30A9ADCBF21}.Debug|Any CPU.Build.0 = Debug|Any CPU
		{9BFDC4DE-999C-D8A2-A8EF-D30A9ADCBF21}.Release|Any CPU.ActiveCfg = Release|Any CPU
		{9BFDC4DE-999C-D8A2-A8EF-D30A9ADCBF21}.Release|Any CPU.Build.0 = Release|Any CPU
		{41D14E83-B3F3-7082-93FE-A6DAF2E013C8}.Debug|Any CPU.ActiveCfg = Debug|Any CPU
		{41D14E83-B3F3-7082-93FE-A6DAF2E013C8}.Debug|Any CPU.Build.0 = Debug|Any CPU
		{41D14E83-B3F3-7082-93FE-A6DAF2E013C8}.Release|Any CPU.ActiveCfg = Release|Any CPU
		{41D14E83-B3F3-7082-93FE-A6DAF2E013C8}.Release|Any CPU.Build.0 = Release|Any CPU
		{634F5133-E08F-7AB7-6F62-F6EE0383BC8E}.Debug|Any CPU.ActiveCfg = Debug|Any CPU
		{634F5133-E08F-7AB7-6F62-F6EE0383BC8E}.Debug|Any CPU.Build.0 = Debug|Any CPU
		{634F5133-E08F-7AB7-6F62-F6EE0383BC8E}.Release|Any CPU.ActiveCfg = Release|Any CPU
		{634F5133-E08F-7AB7-6F62-F6EE0383BC8E}.Release|Any CPU.Build.0 = Release|Any CPU
		{6FFC2F9B-F5C7-F4B0-6D69-5FBE0D723F03}.Debug|Any CPU.ActiveCfg = Debug|Any CPU
		{6FFC2F9B-F5C7-F4B0-6D69-5FBE0D723F03}.Debug|Any CPU.Build.0 = Debug|Any CPU
		{6FFC2F9B-F5C7-F4B0-6D69-5FBE0D723F03}.Release|Any CPU.ActiveCfg = Release|Any CPU
		{6FFC2F9B-F5C7-F4B0-6D69-5FBE0D723F03}.Release|Any CPU.Build.0 = Release|Any CPU
		{51D9BEFA-EBF0-3EB5-958F-68CB5501A106}.Debug|Any CPU.ActiveCfg = Debug|Any CPU
		{51D9BEFA-EBF0-3EB5-958F-68CB5501A106}.Debug|Any CPU.Build.0 = Debug|Any CPU
		{51D9BEFA-EBF0-3EB5-958F-68CB5501A106}.Release|Any CPU.ActiveCfg = Release|Any CPU
		{51D9BEFA-EBF0-3EB5-958F-68CB5501A106}.Release|Any CPU.Build.0 = Release|Any CPU
		{38261BBA-2316-4240-8105-D8C5277EA05A}.Debug|Any CPU.ActiveCfg = Debug|Any CPU
		{38261BBA-2316-4240-8105-D8C5277EA05A}.Debug|Any CPU.Build.0 = Debug|Any CPU
		{38261BBA-2316-4240-8105-D8C5277EA05A}.Release|Any CPU.ActiveCfg = Release|Any CPU
		{38261BBA-2316-4240-8105-D8C5277EA05A}.Release|Any CPU.Build.0 = Release|Any CPU
		{86BCB5F9-571F-B839-F837-EE961295FF1B}.Debug|Any CPU.ActiveCfg = Debug|Any CPU
		{86BCB5F9-571F-B839-F837-EE961295FF1B}.Debug|Any CPU.Build.0 = Debug|Any CPU
		{86BCB5F9-571F-B839-F837-EE961295FF1B}.Release|Any CPU.ActiveCfg = Release|Any CPU
		{86BCB5F9-571F-B839-F837-EE961295FF1B}.Release|Any CPU.Build.0 = Release|Any CPU
		{21E01B1B-6410-BC73-92F2-CB8AAC284CA5}.Debug|Any CPU.ActiveCfg = Debug|Any CPU
		{21E01B1B-6410-BC73-92F2-CB8AAC284CA5}.Debug|Any CPU.Build.0 = Debug|Any CPU
		{21E01B1B-6410-BC73-92F2-CB8AAC284CA5}.Release|Any CPU.ActiveCfg = Release|Any CPU
		{21E01B1B-6410-BC73-92F2-CB8AAC284CA5}.Release|Any CPU.Build.0 = Release|Any CPU
		{7E5B8E37-8D06-3711-80F2-18E9C146C04C}.Debug|Any CPU.ActiveCfg = Debug|Any CPU
		{7E5B8E37-8D06-3711-80F2-18E9C146C04C}.Debug|Any CPU.Build.0 = Debug|Any CPU
		{7E5B8E37-8D06-3711-80F2-18E9C146C04C}.Release|Any CPU.ActiveCfg = Release|Any CPU
		{7E5B8E37-8D06-3711-80F2-18E9C146C04C}.Release|Any CPU.Build.0 = Release|Any CPU
		{FF55084F-899D-5E4B-686F-1F1641869FCB}.Debug|Any CPU.ActiveCfg = Debug|Any CPU
		{FF55084F-899D-5E4B-686F-1F1641869FCB}.Debug|Any CPU.Build.0 = Debug|Any CPU
		{FF55084F-899D-5E4B-686F-1F1641869FCB}.Release|Any CPU.ActiveCfg = Release|Any CPU
		{FF55084F-899D-5E4B-686F-1F1641869FCB}.Release|Any CPU.Build.0 = Release|Any CPU
		{E230FE4A-8EDA-2730-74E9-B39A2101265D}.Debug|Any CPU.ActiveCfg = Debug|Any CPU
		{E230FE4A-8EDA-2730-74E9-B39A2101265D}.Debug|Any CPU.Build.0 = Debug|Any CPU
		{E230FE4A-8EDA-2730-74E9-B39A2101265D}.Release|Any CPU.ActiveCfg = Release|Any CPU
		{E230FE4A-8EDA-2730-74E9-B39A2101265D}.Release|Any CPU.Build.0 = Release|Any CPU
		{CEC442EF-955E-6B22-3847-67BCAD964D50}.Debug|Any CPU.ActiveCfg = Debug|Any CPU
		{CEC442EF-955E-6B22-3847-67BCAD964D50}.Debug|Any CPU.Build.0 = Debug|Any CPU
		{CEC442EF-955E-6B22-3847-67BCAD964D50}.Release|Any CPU.ActiveCfg = Release|Any CPU
		{CEC442EF-955E-6B22-3847-67BCAD964D50}.Release|Any CPU.Build.0 = Release|Any CPU
		{90A40BCC-3A09-DE10-CFBF-ADA88AFDEE55}.Debug|Any CPU.ActiveCfg = Debug|Any CPU
		{90A40BCC-3A09-DE10-CFBF-ADA88AFDEE55}.Debug|Any CPU.Build.0 = Debug|Any CPU
		{90A40BCC-3A09-DE10-CFBF-ADA88AFDEE55}.Release|Any CPU.ActiveCfg = Release|Any CPU
		{90A40BCC-3A09-DE10-CFBF-ADA88AFDEE55}.Release|Any CPU.Build.0 = Release|Any CPU
		{D8684DE8-ED98-A761-C233-CC8723B148A8}.Debug|Any CPU.ActiveCfg = Debug|Any CPU
		{D8684DE8-ED98-A761-C233-CC8723B148A8}.Debug|Any CPU.Build.0 = Debug|Any CPU
		{D8684DE8-ED98-A761-C233-CC8723B148A8}.Release|Any CPU.ActiveCfg = Release|Any CPU
		{D8684DE8-ED98-A761-C233-CC8723B148A8}.Release|Any CPU.Build.0 = Release|Any CPU
		{41256220-E5AE-314C-74DF-E50308AF85B3}.Debug|Any CPU.ActiveCfg = Debug|Any CPU
		{41256220-E5AE-314C-74DF-E50308AF85B3}.Debug|Any CPU.Build.0 = Debug|Any CPU
		{41256220-E5AE-314C-74DF-E50308AF85B3}.Release|Any CPU.ActiveCfg = Release|Any CPU
		{41256220-E5AE-314C-74DF-E50308AF85B3}.Release|Any CPU.Build.0 = Release|Any CPU
		{6D53513D-DD88-BF58-DAFE-0CD8B93D8364}.Debug|Any CPU.ActiveCfg = Debug|Any CPU
		{6D53513D-DD88-BF58-DAFE-0CD8B93D8364}.Debug|Any CPU.Build.0 = Debug|Any CPU
		{6D53513D-DD88-BF58-DAFE-0CD8B93D8364}.Release|Any CPU.ActiveCfg = Release|Any CPU
		{6D53513D-DD88-BF58-DAFE-0CD8B93D8364}.Release|Any CPU.Build.0 = Release|Any CPU
		{EA53E770-C663-5548-9E7D-287F72C39A14}.Debug|Any CPU.ActiveCfg = Debug|Any CPU
		{EA53E770-C663-5548-9E7D-287F72C39A14}.Debug|Any CPU.Build.0 = Debug|Any CPU
		{EA53E770-C663-5548-9E7D-287F72C39A14}.Release|Any CPU.ActiveCfg = Release|Any CPU
		{EA53E770-C663-5548-9E7D-287F72C39A14}.Release|Any CPU.Build.0 = Release|Any CPU
		{AB7F0327-6E5E-924A-1079-5CEFCD20FCFB}.Debug|Any CPU.ActiveCfg = Debug|Any CPU
		{AB7F0327-6E5E-924A-1079-5CEFCD20FCFB}.Debug|Any CPU.Build.0 = Debug|Any CPU
		{AB7F0327-6E5E-924A-1079-5CEFCD20FCFB}.Release|Any CPU.ActiveCfg = Release|Any CPU
		{AB7F0327-6E5E-924A-1079-5CEFCD20FCFB}.Release|Any CPU.Build.0 = Release|Any CPU
		{DCF95DBA-DCEB-78FB-AC26-E11CA98052DA}.Debug|Any CPU.ActiveCfg = Debug|Any CPU
		{DCF95DBA-DCEB-78FB-AC26-E11CA98052DA}.Debug|Any CPU.Build.0 = Debug|Any CPU
		{DCF95DBA-DCEB-78FB-AC26-E11CA98052DA}.Release|Any CPU.ActiveCfg = Release|Any CPU
		{DCF95DBA-DCEB-78FB-AC26-E11CA98052DA}.Release|Any CPU.Build.0 = Release|Any CPU
		{93E720F6-0B71-51CE-9628-C556DBCB96CB}.Debug|Any CPU.ActiveCfg = Debug|Any CPU
		{93E720F6-0B71-51CE-9628-C556DBCB96CB}.Debug|Any CPU.Build.0 = Debug|Any CPU
		{93E720F6-0B71-51CE-9628-C556DBCB96CB}.Release|Any CPU.ActiveCfg = Release|Any CPU
		{93E720F6-0B71-51CE-9628-C556DBCB96CB}.Release|Any CPU.Build.0 = Release|Any CPU
		{368CC3F8-6F7D-3E51-619C-94FEB014016E}.Debug|Any CPU.ActiveCfg = Debug|Any CPU
		{368CC3F8-6F7D-3E51-619C-94FEB014016E}.Debug|Any CPU.Build.0 = Debug|Any CPU
		{368CC3F8-6F7D-3E51-619C-94FEB014016E}.Release|Any CPU.ActiveCfg = Release|Any CPU
		{368CC3F8-6F7D-3E51-619C-94FEB014016E}.Release|Any CPU.Build.0 = Release|Any CPU
		{5D9E8620-710E-EA6D-8B41-16EECE6F811E}.Debug|Any CPU.ActiveCfg = Debug|Any CPU
		{5D9E8620-710E-EA6D-8B41-16EECE6F811E}.Debug|Any CPU.Build.0 = Debug|Any CPU
		{5D9E8620-710E-EA6D-8B41-16EECE6F811E}.Release|Any CPU.ActiveCfg = Release|Any CPU
		{5D9E8620-710E-EA6D-8B41-16EECE6F811E}.Release|Any CPU.Build.0 = Release|Any CPU
		{30770657-F333-8A96-0DBE-41827ABCFCEE}.Debug|Any CPU.ActiveCfg = Debug|Any CPU
		{30770657-F333-8A96-0DBE-41827ABCFCEE}.Debug|Any CPU.Build.0 = Debug|Any CPU
		{30770657-F333-8A96-0DBE-41827ABCFCEE}.Release|Any CPU.ActiveCfg = Release|Any CPU
		{30770657-F333-8A96-0DBE-41827ABCFCEE}.Release|Any CPU.Build.0 = Release|Any CPU
		{F0455C9E-F4AD-360B-AE73-35EBB279915A}.Debug|Any CPU.ActiveCfg = Debug|Any CPU
		{F0455C9E-F4AD-360B-AE73-35EBB279915A}.Debug|Any CPU.Build.0 = Debug|Any CPU
		{F0455C9E-F4AD-360B-AE73-35EBB279915A}.Release|Any CPU.ActiveCfg = Release|Any CPU
		{F0455C9E-F4AD-360B-AE73-35EBB279915A}.Release|Any CPU.Build.0 = Release|Any CPU
		{0559BEF7-271A-FBBE-07F6-187829803B8B}.Debug|Any CPU.ActiveCfg = Debug|Any CPU
		{0559BEF7-271A-FBBE-07F6-187829803B8B}.Debug|Any CPU.Build.0 = Debug|Any CPU
		{0559BEF7-271A-FBBE-07F6-187829803B8B}.Release|Any CPU.ActiveCfg = Release|Any CPU
		{0559BEF7-271A-FBBE-07F6-187829803B8B}.Release|Any CPU.Build.0 = Release|Any CPU
		{60F520E7-8338-2991-D365-48379DF10753}.Debug|Any CPU.ActiveCfg = Debug|Any CPU
		{60F520E7-8338-2991-D365-48379DF10753}.Debug|Any CPU.Build.0 = Debug|Any CPU
		{60F520E7-8338-2991-D365-48379DF10753}.Release|Any CPU.ActiveCfg = Release|Any CPU
		{60F520E7-8338-2991-D365-48379DF10753}.Release|Any CPU.Build.0 = Release|Any CPU
		{9826BA42-06DE-4E37-F521-D9A282DB7BE4}.Debug|Any CPU.ActiveCfg = Debug|Any CPU
		{9826BA42-06DE-4E37-F521-D9A282DB7BE4}.Debug|Any CPU.Build.0 = Debug|Any CPU
		{9826BA42-06DE-4E37-F521-D9A282DB7BE4}.Release|Any CPU.ActiveCfg = Release|Any CPU
		{9826BA42-06DE-4E37-F521-D9A282DB7BE4}.Release|Any CPU.Build.0 = Release|Any CPU
		{29A16DFF-097F-D5B8-18FE-31F4E43F04B5}.Debug|Any CPU.ActiveCfg = Debug|Any CPU
		{29A16DFF-097F-D5B8-18FE-31F4E43F04B5}.Debug|Any CPU.Build.0 = Debug|Any CPU
		{29A16DFF-097F-D5B8-18FE-31F4E43F04B5}.Release|Any CPU.ActiveCfg = Release|Any CPU
		{29A16DFF-097F-D5B8-18FE-31F4E43F04B5}.Release|Any CPU.Build.0 = Release|Any CPU
		{476DF858-2C87-DC93-847E-1BADFCFF3E77}.Debug|Any CPU.ActiveCfg = Debug|Any CPU
		{476DF858-2C87-DC93-847E-1BADFCFF3E77}.Debug|Any CPU.Build.0 = Debug|Any CPU
		{476DF858-2C87-DC93-847E-1BADFCFF3E77}.Release|Any CPU.ActiveCfg = Release|Any CPU
		{476DF858-2C87-DC93-847E-1BADFCFF3E77}.Release|Any CPU.Build.0 = Release|Any CPU
		{4F12F709-2C61-4DB0-7957-102334BA6E89}.Debug|Any CPU.ActiveCfg = Debug|Any CPU
		{4F12F709-2C61-4DB0-7957-102334BA6E89}.Debug|Any CPU.Build.0 = Debug|Any CPU
		{4F12F709-2C61-4DB0-7957-102334BA6E89}.Release|Any CPU.ActiveCfg = Release|Any CPU
		{4F12F709-2C61-4DB0-7957-102334BA6E89}.Release|Any CPU.Build.0 = Release|Any CPU
		{0FE2B585-DA51-A2E0-D8BB-A53238FEC002}.Debug|Any CPU.ActiveCfg = Debug|Any CPU
		{0FE2B585-DA51-A2E0-D8BB-A53238FEC002}.Debug|Any CPU.Build.0 = Debug|Any CPU
		{0FE2B585-DA51-A2E0-D8BB-A53238FEC002}.Release|Any CPU.ActiveCfg = Release|Any CPU
		{0FE2B585-DA51-A2E0-D8BB-A53238FEC002}.Release|Any CPU.Build.0 = Release|Any CPU
		{F0D73907-4428-690C-1861-14002C8EF911}.Debug|Any CPU.ActiveCfg = Debug|Any CPU
		{F0D73907-4428-690C-1861-14002C8EF911}.Debug|Any CPU.Build.0 = Debug|Any CPU
		{F0D73907-4428-690C-1861-14002C8EF911}.Release|Any CPU.ActiveCfg = Release|Any CPU
		{F0D73907-4428-690C-1861-14002C8EF911}.Release|Any CPU.Build.0 = Release|Any CPU
		{14F4D095-0BC2-2858-CC0F-C4880F5A7F70}.Debug|Any CPU.ActiveCfg = Debug|Any CPU
		{14F4D095-0BC2-2858-CC0F-C4880F5A7F70}.Debug|Any CPU.Build.0 = Debug|Any CPU
		{14F4D095-0BC2-2858-CC0F-C4880F5A7F70}.Release|Any CPU.ActiveCfg = Release|Any CPU
		{14F4D095-0BC2-2858-CC0F-C4880F5A7F70}.Release|Any CPU.Build.0 = Release|Any CPU
		{369EDC87-3016-B8D4-A200-B2260F999EC5}.Debug|Any CPU.ActiveCfg = Debug|Any CPU
		{369EDC87-3016-B8D4-A200-B2260F999EC5}.Debug|Any CPU.Build.0 = Debug|Any CPU
		{369EDC87-3016-B8D4-A200-B2260F999EC5}.Release|Any CPU.ActiveCfg = Release|Any CPU
		{369EDC87-3016-B8D4-A200-B2260F999EC5}.Release|Any CPU.Build.0 = Release|Any CPU
		{8C750CBF-B8FB-B7C4-D76B-80E8F5496BDC}.Debug|Any CPU.ActiveCfg = Debug|Any CPU
		{8C750CBF-B8FB-B7C4-D76B-80E8F5496BDC}.Debug|Any CPU.Build.0 = Debug|Any CPU
		{8C750CBF-B8FB-B7C4-D76B-80E8F5496BDC}.Release|Any CPU.ActiveCfg = Release|Any CPU
		{8C750CBF-B8FB-B7C4-D76B-80E8F5496BDC}.Release|Any CPU.Build.0 = Release|Any CPU
		{C9BFA8DD-75BD-ECC9-76FB-F8D50157BF8B}.Debug|Any CPU.ActiveCfg = Debug|Any CPU
		{C9BFA8DD-75BD-ECC9-76FB-F8D50157BF8B}.Debug|Any CPU.Build.0 = Debug|Any CPU
		{C9BFA8DD-75BD-ECC9-76FB-F8D50157BF8B}.Release|Any CPU.ActiveCfg = Release|Any CPU
		{C9BFA8DD-75BD-ECC9-76FB-F8D50157BF8B}.Release|Any CPU.Build.0 = Release|Any CPU
		{51ACE2EA-3D69-49FC-8E83-F285D17669EA}.Debug|Any CPU.ActiveCfg = Debug|Any CPU
		{51ACE2EA-3D69-49FC-8E83-F285D17669EA}.Debug|Any CPU.Build.0 = Debug|Any CPU
		{51ACE2EA-3D69-49FC-8E83-F285D17669EA}.Release|Any CPU.ActiveCfg = Release|Any CPU
		{51ACE2EA-3D69-49FC-8E83-F285D17669EA}.Release|Any CPU.Build.0 = Release|Any CPU
		{48952B57-B823-C684-BEC6-75731296D168}.Debug|Any CPU.ActiveCfg = Debug|Any CPU
		{48952B57-B823-C684-BEC6-75731296D168}.Debug|Any CPU.Build.0 = Debug|Any CPU
		{48952B57-B823-C684-BEC6-75731296D168}.Release|Any CPU.ActiveCfg = Release|Any CPU
		{48952B57-B823-C684-BEC6-75731296D168}.Release|Any CPU.Build.0 = Release|Any CPU
		{C8F5A709-2F32-C294-B7D4-A8CF2C7E8388}.Debug|Any CPU.ActiveCfg = Debug|Any CPU
		{C8F5A709-2F32-C294-B7D4-A8CF2C7E8388}.Debug|Any CPU.Build.0 = Debug|Any CPU
		{C8F5A709-2F32-C294-B7D4-A8CF2C7E8388}.Release|Any CPU.ActiveCfg = Release|Any CPU
		{C8F5A709-2F32-C294-B7D4-A8CF2C7E8388}.Release|Any CPU.Build.0 = Release|Any CPU
		{D8B6CE48-25B6-734D-7168-D14AAE2A1F17}.Debug|Any CPU.ActiveCfg = Debug|Any CPU
		{D8B6CE48-25B6-734D-7168-D14AAE2A1F17}.Debug|Any CPU.Build.0 = Debug|Any CPU
		{D8B6CE48-25B6-734D-7168-D14AAE2A1F17}.Release|Any CPU.ActiveCfg = Release|Any CPU
		{D8B6CE48-25B6-734D-7168-D14AAE2A1F17}.Release|Any CPU.Build.0 = Release|Any CPU
		{22949149-A5BB-4D8B-AA6D-D3FAB6511A40}.Debug|Any CPU.ActiveCfg = Debug|Any CPU
		{22949149-A5BB-4D8B-AA6D-D3FAB6511A40}.Debug|Any CPU.Build.0 = Debug|Any CPU
		{22949149-A5BB-4D8B-AA6D-D3FAB6511A40}.Release|Any CPU.ActiveCfg = Release|Any CPU
		{22949149-A5BB-4D8B-AA6D-D3FAB6511A40}.Release|Any CPU.Build.0 = Release|Any CPU
		{A7DDBFD6-4C3B-865B-4BB9-A0E2581A3789}.Debug|Any CPU.ActiveCfg = Debug|Any CPU
		{A7DDBFD6-4C3B-865B-4BB9-A0E2581A3789}.Debug|Any CPU.Build.0 = Debug|Any CPU
		{A7DDBFD6-4C3B-865B-4BB9-A0E2581A3789}.Release|Any CPU.ActiveCfg = Release|Any CPU
		{A7DDBFD6-4C3B-865B-4BB9-A0E2581A3789}.Release|Any CPU.Build.0 = Release|Any CPU
		{AC380FA7-AAC5-BCBE-B10B-D277A9A7F77B}.Debug|Any CPU.ActiveCfg = Debug|Any CPU
		{AC380FA7-AAC5-BCBE-B10B-D277A9A7F77B}.Debug|Any CPU.Build.0 = Debug|Any CPU
		{AC380FA7-AAC5-BCBE-B10B-D277A9A7F77B}.Release|Any CPU.ActiveCfg = Release|Any CPU
		{AC380FA7-AAC5-BCBE-B10B-D277A9A7F77B}.Release|Any CPU.Build.0 = Release|Any CPU
		{B6B4E54F-73F3-0F6A-80B9-C1704A800581}.Debug|Any CPU.ActiveCfg = Debug|Any CPU
		{B6B4E54F-73F3-0F6A-80B9-C1704A800581}.Debug|Any CPU.Build.0 = Debug|Any CPU
		{B6B4E54F-73F3-0F6A-80B9-C1704A800581}.Release|Any CPU.ActiveCfg = Release|Any CPU
		{B6B4E54F-73F3-0F6A-80B9-C1704A800581}.Release|Any CPU.Build.0 = Release|Any CPU
		{0CF5E007-6742-8D65-7C90-2D62CB32B5B3}.Debug|Any CPU.ActiveCfg = Debug|Any CPU
		{0CF5E007-6742-8D65-7C90-2D62CB32B5B3}.Debug|Any CPU.Build.0 = Debug|Any CPU
		{0CF5E007-6742-8D65-7C90-2D62CB32B5B3}.Release|Any CPU.ActiveCfg = Release|Any CPU
		{0CF5E007-6742-8D65-7C90-2D62CB32B5B3}.Release|Any CPU.Build.0 = Release|Any CPU
		{333B8E00-BEBD-8064-BCF5-F64BA61E0995}.Debug|Any CPU.ActiveCfg = Debug|Any CPU
		{333B8E00-BEBD-8064-BCF5-F64BA61E0995}.Debug|Any CPU.Build.0 = Debug|Any CPU
		{333B8E00-BEBD-8064-BCF5-F64BA61E0995}.Release|Any CPU.ActiveCfg = Release|Any CPU
		{333B8E00-BEBD-8064-BCF5-F64BA61E0995}.Release|Any CPU.Build.0 = Release|Any CPU
		{48B8A309-1711-2BB0-91C7-E514277A48E7}.Debug|Any CPU.ActiveCfg = Debug|Any CPU
		{48B8A309-1711-2BB0-91C7-E514277A48E7}.Debug|Any CPU.Build.0 = Debug|Any CPU
		{48B8A309-1711-2BB0-91C7-E514277A48E7}.Release|Any CPU.ActiveCfg = Release|Any CPU
		{48B8A309-1711-2BB0-91C7-E514277A48E7}.Release|Any CPU.Build.0 = Release|Any CPU
		{6DF48946-D914-38C4-91C6-244F8A4E0DF6}.Debug|Any CPU.ActiveCfg = Debug|Any CPU
		{6DF48946-D914-38C4-91C6-244F8A4E0DF6}.Debug|Any CPU.Build.0 = Debug|Any CPU
		{6DF48946-D914-38C4-91C6-244F8A4E0DF6}.Release|Any CPU.ActiveCfg = Release|Any CPU
		{6DF48946-D914-38C4-91C6-244F8A4E0DF6}.Release|Any CPU.Build.0 = Release|Any CPU
		{645DBE17-29F6-939C-98F1-1C7DCFCBB9A8}.Debug|Any CPU.ActiveCfg = Debug|Any CPU
		{645DBE17-29F6-939C-98F1-1C7DCFCBB9A8}.Debug|Any CPU.Build.0 = Debug|Any CPU
		{645DBE17-29F6-939C-98F1-1C7DCFCBB9A8}.Release|Any CPU.ActiveCfg = Release|Any CPU
		{645DBE17-29F6-939C-98F1-1C7DCFCBB9A8}.Release|Any CPU.Build.0 = Release|Any CPU
		{A3E3F7DC-3A89-8B7E-31DC-1C4FF38E00B3}.Debug|Any CPU.ActiveCfg = Debug|Any CPU
		{A3E3F7DC-3A89-8B7E-31DC-1C4FF38E00B3}.Debug|Any CPU.Build.0 = Debug|Any CPU
		{A3E3F7DC-3A89-8B7E-31DC-1C4FF38E00B3}.Release|Any CPU.ActiveCfg = Release|Any CPU
		{A3E3F7DC-3A89-8B7E-31DC-1C4FF38E00B3}.Release|Any CPU.Build.0 = Release|Any CPU
		{418A3A48-C5F4-F3A4-62E7-9DA69A57EC08}.Debug|Any CPU.ActiveCfg = Debug|Any CPU
		{418A3A48-C5F4-F3A4-62E7-9DA69A57EC08}.Debug|Any CPU.Build.0 = Debug|Any CPU
		{418A3A48-C5F4-F3A4-62E7-9DA69A57EC08}.Release|Any CPU.ActiveCfg = Release|Any CPU
		{418A3A48-C5F4-F3A4-62E7-9DA69A57EC08}.Release|Any CPU.Build.0 = Release|Any CPU
		{11431178-3017-2285-A339-1476473E55D6}.Debug|Any CPU.ActiveCfg = Debug|Any CPU
		{11431178-3017-2285-A339-1476473E55D6}.Debug|Any CPU.Build.0 = Debug|Any CPU
		{11431178-3017-2285-A339-1476473E55D6}.Release|Any CPU.ActiveCfg = Release|Any CPU
		{11431178-3017-2285-A339-1476473E55D6}.Release|Any CPU.Build.0 = Release|Any CPU
		{945FDF0E-4C29-CBAA-AF90-AD50ECD47C15}.Debug|Any CPU.ActiveCfg = Debug|Any CPU
		{945FDF0E-4C29-CBAA-AF90-AD50ECD47C15}.Debug|Any CPU.Build.0 = Debug|Any CPU
		{945FDF0E-4C29-CBAA-AF90-AD50ECD47C15}.Release|Any CPU.ActiveCfg = Release|Any CPU
		{945FDF0E-4C29-CBAA-AF90-AD50ECD47C15}.Release|Any CPU.Build.0 = Release|Any CPU
		{C89A1894-8FCF-45E8-76DA-71DC57D202D1}.Debug|Any CPU.ActiveCfg = Debug|Any CPU
		{C89A1894-8FCF-45E8-76DA-71DC57D202D1}.Debug|Any CPU.Build.0 = Debug|Any CPU
		{C89A1894-8FCF-45E8-76DA-71DC57D202D1}.Release|Any CPU.ActiveCfg = Release|Any CPU
		{C89A1894-8FCF-45E8-76DA-71DC57D202D1}.Release|Any CPU.Build.0 = Release|Any CPU
		{0F3D989A-0193-39AF-EE8B-B45DF3226CE0}.Debug|Any CPU.ActiveCfg = Debug|Any CPU
		{0F3D989A-0193-39AF-EE8B-B45DF3226CE0}.Debug|Any CPU.Build.0 = Debug|Any CPU
		{0F3D989A-0193-39AF-EE8B-B45DF3226CE0}.Release|Any CPU.ActiveCfg = Release|Any CPU
		{0F3D989A-0193-39AF-EE8B-B45DF3226CE0}.Release|Any CPU.Build.0 = Release|Any CPU
		{E9676DDF-928F-369E-0CE8-46F413A8083C}.Debug|Any CPU.ActiveCfg = Debug|Any CPU
		{E9676DDF-928F-369E-0CE8-46F413A8083C}.Debug|Any CPU.Build.0 = Debug|Any CPU
		{E9676DDF-928F-369E-0CE8-46F413A8083C}.Release|Any CPU.ActiveCfg = Release|Any CPU
		{E9676DDF-928F-369E-0CE8-46F413A8083C}.Release|Any CPU.Build.0 = Release|Any CPU
		{9A3FEB37-B1C8-599D-2A23-D8D5413EE08E}.Debug|Any CPU.ActiveCfg = Debug|Any CPU
		{9A3FEB37-B1C8-599D-2A23-D8D5413EE08E}.Debug|Any CPU.Build.0 = Debug|Any CPU
		{9A3FEB37-B1C8-599D-2A23-D8D5413EE08E}.Release|Any CPU.ActiveCfg = Release|Any CPU
		{9A3FEB37-B1C8-599D-2A23-D8D5413EE08E}.Release|Any CPU.Build.0 = Release|Any CPU
		{608BA276-BFAD-8E4C-2D93-355EE2BB427E}.Debug|Any CPU.ActiveCfg = Debug|Any CPU
		{608BA276-BFAD-8E4C-2D93-355EE2BB427E}.Debug|Any CPU.Build.0 = Debug|Any CPU
		{608BA276-BFAD-8E4C-2D93-355EE2BB427E}.Release|Any CPU.ActiveCfg = Release|Any CPU
		{608BA276-BFAD-8E4C-2D93-355EE2BB427E}.Release|Any CPU.Build.0 = Release|Any CPU
		{A76A206A-310F-73BE-4094-322084948AAC}.Debug|Any CPU.ActiveCfg = Debug|Any CPU
		{A76A206A-310F-73BE-4094-322084948AAC}.Debug|Any CPU.Build.0 = Debug|Any CPU
		{A76A206A-310F-73BE-4094-322084948AAC}.Release|Any CPU.ActiveCfg = Release|Any CPU
		{A76A206A-310F-73BE-4094-322084948AAC}.Release|Any CPU.Build.0 = Release|Any CPU
		{44E6ECA0-1E7C-573C-5E37-49F65EE31286}.Debug|Any CPU.ActiveCfg = Debug|Any CPU
		{44E6ECA0-1E7C-573C-5E37-49F65EE31286}.Debug|Any CPU.Build.0 = Debug|Any CPU
		{44E6ECA0-1E7C-573C-5E37-49F65EE31286}.Release|Any CPU.ActiveCfg = Release|Any CPU
		{44E6ECA0-1E7C-573C-5E37-49F65EE31286}.Release|Any CPU.Build.0 = Release|Any CPU
		{8D7DDD05-53DB-CACC-D9A8-751F32596B0D}.Debug|Any CPU.ActiveCfg = Debug|Any CPU
		{8D7DDD05-53DB-CACC-D9A8-751F32596B0D}.Debug|Any CPU.Build.0 = Debug|Any CPU
		{8D7DDD05-53DB-CACC-D9A8-751F32596B0D}.Release|Any CPU.ActiveCfg = Release|Any CPU
		{8D7DDD05-53DB-CACC-D9A8-751F32596B0D}.Release|Any CPU.Build.0 = Release|Any CPU
		{3D19C1D2-6C00-06A1-35C8-FC92E63665B2}.Debug|Any CPU.ActiveCfg = Debug|Any CPU
		{3D19C1D2-6C00-06A1-35C8-FC92E63665B2}.Debug|Any CPU.Build.0 = Debug|Any CPU
		{3D19C1D2-6C00-06A1-35C8-FC92E63665B2}.Release|Any CPU.ActiveCfg = Release|Any CPU
		{3D19C1D2-6C00-06A1-35C8-FC92E63665B2}.Release|Any CPU.Build.0 = Release|Any CPU
	EndGlobalSection
	GlobalSection(SolutionProperties) = preSolution
		HideSolutionNode = FALSE
	EndGlobalSection
EndGlobal
