
Microsoft Visual Studio Solution File, Format Version 12.00
# Visual Studio 15
Project("{FAE04EC0-301F-11D3-BF4B-00C04F79EFBC}") = "Assembly-CSharp", "Assembly-CSharp.csproj", "{D669AE94-4965-3EF9-1A86-6BC1454A71FB}"
EndProject
Project("{FAE04EC0-301F-11D3-BF4B-00C04F79EFBC}") = "Assembly-CSharp-Editor", "Assembly-CSharp-Editor.csproj", "{AAC3EF10-61B1-56E8-D096-1296C3957DB0}"
EndProject
Global
	GlobalSection(SolutionConfigurationPlatforms) = preSolution
		Debug|Any CPU = Debug|Any CPU
		Release|Any CPU = Release|Any CPU
	EndGlobalSection
	GlobalSection(ProjectConfigurationPlatforms) = postSolution
		{D669AE94-4965-3EF9-1A86-6BC1454A71FB}.Debug|Any CPU.ActiveCfg = Debug|Any CPU
		{D669AE94-4965-3EF9-1A86-6BC1454A71FB}.Debug|Any CPU.Build.0 = Debug|Any CPU
		{D669AE94-4965-3EF9-1A86-6BC1454A71FB}.Release|Any CPU.ActiveCfg = Release|Any CPU
		{D669AE94-4965-3EF9-1A86-6BC1454A71FB}.Release|Any CPU.Build.0 = Release|Any CPU
		{AAC3EF10-61B1-56E8-D096-1296C3957DB0}.Debug|Any CPU.ActiveCfg = Debug|Any CPU
		{AAC3EF10-61B1-56E8-D096-1296C3957DB0}.Debug|Any CPU.Build.0 = Debug|Any CPU
		{AAC3EF10-61B1-56E8-D096-1296C3957DB0}.Release|Any CPU.ActiveCfg = Release|Any CPU
		{AAC3EF10-61B1-56E8-D096-1296C3957DB0}.Release|Any CPU.Build.0 = Release|Any CPU
	EndGlobalSection
	GlobalSection(SolutionProperties) = preSolution
		HideSolutionNode = FALSE
	EndGlobalSection
EndGlobal
